
Microsoft Visual Studio Solution File, Format Version 12.00
# Visual Studio Version 17
VisualStudioVersion = 17.5.002.0
MinimumVisualStudioVersion = 10.0.40219.1
Project("{2150E333-8FDC-42A3-9474-1A3956D46DE8}") = "sandbox", "sandbox", "{F7CFAE72-F6DA-4484-9EC7-9FA91644CDEE}"
EndProject
Project("{9A19103F-16F7-4668-BE54-9A1E7A4F7556}") = "sandbox_project", "sandbox\sandbox_project\sandbox_project.csproj", "{A51E9489-FBEC-427E-AB3A-D56EC6EB30B3}"
EndProject
Project("{2150E333-8FDC-42A3-9474-1A3956D46DE8}") = "week01", "week01", "{A7409B2E-AB95-49B7-B073-080BD07B2305}"
EndProject
Project("{9A19103F-16F7-4668-BE54-9A1E7A4F7556}") = "analyze", "week01\analyze\analyze.csproj", "{2632141A-1334-4256-BCC2-7CD3CF277EA2}"
EndProject
Project("{9A19103F-16F7-4668-BE54-9A1E7A4F7556}") = "code", "week01\code\code.csproj", "{29DFB02E-FE3D-4FAE-80A2-3AAFE6D501D4}"
EndProject
Project("{9A19103F-16F7-4668-BE54-9A1E7A4F7556}") = "teach", "week01\teach\teach.csproj", "{3749398A-8C78-4D8E-AC48-12C135A1E731}"
EndProject
Project("{2150E333-8FDC-42A3-9474-1A3956D46DE8}") = "week02", "week02", "{D6AA6D21-9AF3-4E22-B47F-B5B1D44FB268}"
EndProject
Project("{9A19103F-16F7-4668-BE54-9A1E7A4F7556}") = "analyze", "week02\analyze\analyze.csproj", "{96326486-03C8-4379-BE80-CD1F419AF01B}"
EndProject
Project("{9A19103F-16F7-4668-BE54-9A1E7A4F7556}") = "code", "week02\code\code.csproj", "{4631B9F8-45CA-4B7B-A920-D258684B4CFA}"
EndProject
Project("{9A19103F-16F7-4668-BE54-9A1E7A4F7556}") = "learn", "week02\learn\learn.csproj", "{04DABD69-6EE1-4609-915D-06991CA989B6}"
EndProject
Project("{9A19103F-16F7-4668-BE54-9A1E7A4F7556}") = "teach", "week02\teach\teach.csproj", "{8F745160-2F4B-4EF8-ADDF-1D74BD7C6FE4}"
EndProject
Project("{2150E333-8FDC-42A3-9474-1A3956D46DE8}") = "week03", "week03", "{CF3DDE88-CE98-4A9E-A04C-02BB0D7CAA16}"
EndProject
Project("{9A19103F-16F7-4668-BE54-9A1E7A4F7556}") = "code", "week03\code\code.csproj", "{65098864-8CFD-47FC-8834-9568DB6C4E86}"
EndProject
Project("{9A19103F-16F7-4668-BE54-9A1E7A4F7556}") = "learn", "week03\learn\learn.csproj", "{006707F7-3DBB-42E6-A3CE-52F7FF061AD9}"
EndProject
Project("{9A19103F-16F7-4668-BE54-9A1E7A4F7556}") = "teach", "week03\teach\teach.csproj", "{33B88D23-BFC5-4985-9413-0858BC8C5350}"
EndProject
Project("{2150E333-8FDC-42A3-9474-1A3956D46DE8}") = "week04", "week04", "{5BA018D0-2373-4719-AC1E-A218C4E23588}"
EndProject
Project("{9A19103F-16F7-4668-BE54-9A1E7A4F7556}") = "code", "week04\code\code.csproj", "{29836C8B-A774-49BD-9CC6-A832B3450A81}"
EndProject
Project("{2150E333-8FDC-42A3-9474-1A3956D46DE8}") = "week05", "week05", "{558E5CF4-274A-4566-8B85-7CF04CA23E7D}"
EndProject
Project("{9A19103F-16F7-4668-BE54-9A1E7A4F7556}") = "code", "week05\code\code.csproj", "{368CCB3C-4C8B-4D2B-86A2-A2D9F8BE397C}"
EndProject
Project("{2150E333-8FDC-42A3-9474-1A3956D46DE8}") = "week06", "week06", "{D6628FF8-89FA-477A-BF68-DCEA5EAAD50B}"
EndProject
Project("{9A19103F-16F7-4668-BE54-9A1E7A4F7556}") = "code", "week06\code\code.csproj", "{BB5DE6E1-5F15-4968-B025-15D08D92D791}"
EndProject
Global
	GlobalSection(SolutionConfigurationPlatforms) = preSolution
		Debug|Any CPU = Debug|Any CPU
		Release|Any CPU = Release|Any CPU
	EndGlobalSection
	GlobalSection(ProjectConfigurationPlatforms) = postSolution
		{A51E9489-FBEC-427E-AB3A-D56EC6EB30B3}.Debug|Any CPU.ActiveCfg = Debug|Any CPU
		{A51E9489-FBEC-427E-AB3A-D56EC6EB30B3}.Debug|Any CPU.Build.0 = Debug|Any CPU
		{A51E9489-FBEC-427E-AB3A-D56EC6EB30B3}.Release|Any CPU.ActiveCfg = Release|Any CPU
		{A51E9489-FBEC-427E-AB3A-D56EC6EB30B3}.Release|Any CPU.Build.0 = Release|Any CPU
		{2632141A-1334-4256-BCC2-7CD3CF277EA2}.Debug|Any CPU.ActiveCfg = Debug|Any CPU
		{2632141A-1334-4256-BCC2-7CD3CF277EA2}.Debug|Any CPU.Build.0 = Debug|Any CPU
		{2632141A-1334-4256-BCC2-7CD3CF277EA2}.Release|Any CPU.ActiveCfg = Release|Any CPU
		{2632141A-1334-4256-BCC2-7CD3CF277EA2}.Release|Any CPU.Build.0 = Release|Any CPU
		{29DFB02E-FE3D-4FAE-80A2-3AAFE6D501D4}.Debug|Any CPU.ActiveCfg = Debug|Any CPU
		{29DFB02E-FE3D-4FAE-80A2-3AAFE6D501D4}.Debug|Any CPU.Build.0 = Debug|Any CPU
		{29DFB02E-FE3D-4FAE-80A2-3AAFE6D501D4}.Release|Any CPU.ActiveCfg = Release|Any CPU
		{29DFB02E-FE3D-4FAE-80A2-3AAFE6D501D4}.Release|Any CPU.Build.0 = Release|Any CPU
		{3749398A-8C78-4D8E-AC48-12C135A1E731}.Debug|Any CPU.ActiveCfg = Debug|Any CPU
		{3749398A-8C78-4D8E-AC48-12C135A1E731}.Debug|Any CPU.Build.0 = Debug|Any CPU
		{3749398A-8C78-4D8E-AC48-12C135A1E731}.Release|Any CPU.ActiveCfg = Release|Any CPU
		{3749398A-8C78-4D8E-AC48-12C135A1E731}.Release|Any CPU.Build.0 = Release|Any CPU
		{96326486-03C8-4379-BE80-CD1F419AF01B}.Debug|Any CPU.ActiveCfg = Debug|Any CPU
		{96326486-03C8-4379-BE80-CD1F419AF01B}.Debug|Any CPU.Build.0 = Debug|Any CPU
		{96326486-03C8-4379-BE80-CD1F419AF01B}.Release|Any CPU.ActiveCfg = Release|Any CPU
		{96326486-03C8-4379-BE80-CD1F419AF01B}.Release|Any CPU.Build.0 = Release|Any CPU
		{4631B9F8-45CA-4B7B-A920-D258684B4CFA}.Debug|Any CPU.ActiveCfg = Debug|Any CPU
		{4631B9F8-45CA-4B7B-A920-D258684B4CFA}.Debug|Any CPU.Build.0 = Debug|Any CPU
		{4631B9F8-45CA-4B7B-A920-D258684B4CFA}.Release|Any CPU.ActiveCfg = Release|Any CPU
		{4631B9F8-45CA-4B7B-A920-D258684B4CFA}.Release|Any CPU.Build.0 = Release|Any CPU
		{04DABD69-6EE1-4609-915D-06991CA989B6}.Debug|Any CPU.ActiveCfg = Debug|Any CPU
		{04DABD69-6EE1-4609-915D-06991CA989B6}.Debug|Any CPU.Build.0 = Debug|Any CPU
		{04DABD69-6EE1-4609-915D-06991CA989B6}.Release|Any CPU.ActiveCfg = Release|Any CPU
		{04DABD69-6EE1-4609-915D-06991CA989B6}.Release|Any CPU.Build.0 = Release|Any CPU
		{8F745160-2F4B-4EF8-ADDF-1D74BD7C6FE4}.Debug|Any CPU.ActiveCfg = Debug|Any CPU
		{8F745160-2F4B-4EF8-ADDF-1D74BD7C6FE4}.Debug|Any CPU.Build.0 = Debug|Any CPU
		{8F745160-2F4B-4EF8-ADDF-1D74BD7C6FE4}.Release|Any CPU.ActiveCfg = Release|Any CPU
		{8F745160-2F4B-4EF8-ADDF-1D74BD7C6FE4}.Release|Any CPU.Build.0 = Release|Any CPU
		{65098864-8CFD-47FC-8834-9568DB6C4E86}.Debug|Any CPU.ActiveCfg = Debug|Any CPU
		{65098864-8CFD-47FC-8834-9568DB6C4E86}.Debug|Any CPU.Build.0 = Debug|Any CPU
		{65098864-8CFD-47FC-8834-9568DB6C4E86}.Release|Any CPU.ActiveCfg = Release|Any CPU
		{65098864-8CFD-47FC-8834-9568DB6C4E86}.Release|Any CPU.Build.0 = Release|Any CPU
		{006707F7-3DBB-42E6-A3CE-52F7FF061AD9}.Debug|Any CPU.ActiveCfg = Debug|Any CPU
		{006707F7-3DBB-42E6-A3CE-52F7FF061AD9}.Debug|Any CPU.Build.0 = Debug|Any CPU
		{006707F7-3DBB-42E6-A3CE-52F7FF061AD9}.Release|Any CPU.ActiveCfg = Release|Any CPU
		{006707F7-3DBB-42E6-A3CE-52F7FF061AD9}.Release|Any CPU.Build.0 = Release|Any CPU
		{33B88D23-BFC5-4985-9413-0858BC8C5350}.Debug|Any CPU.ActiveCfg = Debug|Any CPU
		{33B88D23-BFC5-4985-9413-0858BC8C5350}.Debug|Any CPU.Build.0 = Debug|Any CPU
		{33B88D23-BFC5-4985-9413-0858BC8C5350}.Release|Any CPU.ActiveCfg = Release|Any CPU
		{33B88D23-BFC5-4985-9413-0858BC8C5350}.Release|Any CPU.Build.0 = Release|Any CPU
		{29836C8B-A774-49BD-9CC6-A832B3450A81}.Debug|Any CPU.ActiveCfg = Debug|Any CPU
		{29836C8B-A774-49BD-9CC6-A832B3450A81}.Debug|Any CPU.Build.0 = Debug|Any CPU
		{29836C8B-A774-49BD-9CC6-A832B3450A81}.Release|Any CPU.ActiveCfg = Release|Any CPU
		{29836C8B-A774-49BD-9CC6-A832B3450A81}.Release|Any CPU.Build.0 = Release|Any CPU
		{368CCB3C-4C8B-4D2B-86A2-A2D9F8BE397C}.Debug|Any CPU.ActiveCfg = Debug|Any CPU
		{368CCB3C-4C8B-4D2B-86A2-A2D9F8BE397C}.Debug|Any CPU.Build.0 = Debug|Any CPU
		{368CCB3C-4C8B-4D2B-86A2-A2D9F8BE397C}.Release|Any CPU.ActiveCfg = Release|Any CPU
		{368CCB3C-4C8B-4D2B-86A2-A2D9F8BE397C}.Release|Any CPU.Build.0 = Release|Any CPU
		{BB5DE6E1-5F15-4968-B025-15D08D92D791}.Debug|Any CPU.ActiveCfg = Debug|Any CPU
		{BB5DE6E1-5F15-4968-B025-15D08D92D791}.Debug|Any CPU.Build.0 = Debug|Any CPU
		{BB5DE6E1-5F15-4968-B025-15D08D92D791}.Release|Any CPU.ActiveCfg = Release|Any CPU
		{BB5DE6E1-5F15-4968-B025-15D08D92D791}.Release|Any CPU.Build.0 = Release|Any CPU
	EndGlobalSection
	GlobalSection(SolutionProperties) = preSolution
		HideSolutionNode = FALSE
	EndGlobalSection
	GlobalSection(NestedProjects) = preSolution
		{A51E9489-FBEC-427E-AB3A-D56EC6EB30B3} = {F7CFAE72-F6DA-4484-9EC7-9FA91644CDEE}
		{2632141A-1334-4256-BCC2-7CD3CF277EA2} = {A7409B2E-AB95-49B7-B073-080BD07B2305}
		{29DFB02E-FE3D-4FAE-80A2-3AAFE6D501D4} = {A7409B2E-AB95-49B7-B073-080BD07B2305}
		{3749398A-8C78-4D8E-AC48-12C135A1E731} = {A7409B2E-AB95-49B7-B073-080BD07B2305}
		{96326486-03C8-4379-BE80-CD1F419AF01B} = {D6AA6D21-9AF3-4E22-B47F-B5B1D44FB268}
		{4631B9F8-45CA-4B7B-A920-D258684B4CFA} = {D6AA6D21-9AF3-4E22-B47F-B5B1D44FB268}
		{04DABD69-6EE1-4609-915D-06991CA989B6} = {D6AA6D21-9AF3-4E22-B47F-B5B1D44FB268}
		{8F745160-2F4B-4EF8-ADDF-1D74BD7C6FE4} = {D6AA6D21-9AF3-4E22-B47F-B5B1D44FB268}
		{65098864-8CFD-47FC-8834-9568DB6C4E86} = {CF3DDE88-CE98-4A9E-A04C-02BB0D7CAA16}
		{006707F7-3DBB-42E6-A3CE-52F7FF061AD9} = {CF3DDE88-CE98-4A9E-A04C-02BB0D7CAA16}
		{33B88D23-BFC5-4985-9413-0858BC8C5350} = {CF3DDE88-CE98-4A9E-A04C-02BB0D7CAA16}
		{29836C8B-A774-49BD-9CC6-A832B3450A81} = {5BA018D0-2373-4719-AC1E-A218C4E23588}
		{368CCB3C-4C8B-4D2B-86A2-A2D9F8BE397C} = {558E5CF4-274A-4566-8B85-7CF04CA23E7D}
		{BB5DE6E1-5F15-4968-B025-15D08D92D791} = {D6628FF8-89FA-477A-BF68-DCEA5EAAD50B}
	EndGlobalSection
	GlobalSection(ExtensibilityGlobals) = postSolution
		SolutionGuid = {3D74D44C-EE98-43EF-B26C-317FCCF415E0}
	EndGlobalSection
EndGlobal
